
Microsoft Visual Studio Solution File, Format Version 12.00
# Visual Studio Version 17
VisualStudioVersion = 17.5.002.0
MinimumVisualStudioVersion = 10.0.40219.1
Project("{9A19103F-16F7-4668-BE54-9A1E7A4F7556}") = "2024-03", "test\2024-03.csproj", "{9B98C274-8FFA-4BB4-896F-7EA4854BEBA7}"
EndProject
Project("{9A19103F-16F7-4668-BE54-9A1E7A4F7556}") = "AdatumCorporation.Utility.Templates", "working\AdatumCorporation.Utility.Templates.csproj", "{24F2ADDA-16C4-4645-A3B3-FC63E515DA7C}"
EndProject
Project("{2150E333-8FDC-42A3-9474-1A3956D46DE8}") = ".history", ".history", "{56282CE9-895B-4272-827A-2C5D9092CF88}"
EndProject
Project("{9A19103F-16F7-4668-BE54-9A1E7A4F7556}") = "AdatumCorporation.Utility.Templates_20241215110704", ".history\working\AdatumCorporation.Utility.Templates_20241215110704.csproj", "{56E283C7-E339-4C32-AEB5-B314FC07F526}"
EndProject
Project("{9A19103F-16F7-4668-BE54-9A1E7A4F7556}") = "AdatumCorporation.Utility.Templates_20241215110801", ".history\working\AdatumCorporation.Utility.Templates_20241215110801.csproj", "{0F9126E6-BC25-4288-ABBF-F04BDBC9AC0A}"
EndProject
Project("{9A19103F-16F7-4668-BE54-9A1E7A4F7556}") = "AdatumCorporation.Utility.Templates_20241215110804", ".history\working\AdatumCorporation.Utility.Templates_20241215110804.csproj", "{E1F53161-227D-46B2-8656-9A0B5D9CDF0A}"
EndProject
Project("{9A19103F-16F7-4668-BE54-9A1E7A4F7556}") = "AdatumCorporation.Utility.Templates_20241215110808", ".history\working\AdatumCorporation.Utility.Templates_20241215110808.csproj", "{A689685E-B96C-4692-A0ED-41EA82135DCE}"
EndProject
Project("{9A19103F-16F7-4668-BE54-9A1E7A4F7556}") = "AdatumCorporation.Utility.Templates_20241215110815", ".history\working\AdatumCorporation.Utility.Templates_20241215110815.csproj", "{61ABA12A-C7D6-4159-BF00-F7AA7C9DBF5D}"
EndProject
Project("{9A19103F-16F7-4668-BE54-9A1E7A4F7556}") = "AdatumCorporation.Utility.Templates_20241215110824", ".history\working\AdatumCorporation.Utility.Templates_20241215110824.csproj", "{A6D652D8-0993-499C-87F4-0DF4FC3B8E54}"
EndProject
Project("{9A19103F-16F7-4668-BE54-9A1E7A4F7556}") = "AdatumCorporation.Utility.Templates_20241215110830", ".history\working\AdatumCorporation.Utility.Templates_20241215110830.csproj", "{01F22983-EC53-4AD3-BBAF-69A73353281E}"
EndProject
Project("{9A19103F-16F7-4668-BE54-9A1E7A4F7556}") = "AdatumCorporation.Utility.Templates_20241215110832", ".history\working\AdatumCorporation.Utility.Templates_20241215110832.csproj", "{DB93B11A-BB5B-46DD-954E-3387537672A8}"
EndProject
Project("{9A19103F-16F7-4668-BE54-9A1E7A4F7556}") = "AdatumCorporation.Utility.Templates_20241215110836", ".history\working\AdatumCorporation.Utility.Templates_20241215110836.csproj", "{F7074770-57EA-4027-9969-61E926442721}"
EndProject
Project("{9A19103F-16F7-4668-BE54-9A1E7A4F7556}") = "AdatumCorporation.Utility.Templates_20241215110900", ".history\working\AdatumCorporation.Utility.Templates_20241215110900.csproj", "{A5765626-F266-424B-885F-70512C64FF7A}"
EndProject
Project("{9A19103F-16F7-4668-BE54-9A1E7A4F7556}") = "AdatumCorporation.Utility.Templates_20241215110903", ".history\working\AdatumCorporation.Utility.Templates_20241215110903.csproj", "{EE4809F4-60EE-4A87-B5DF-B8B07BDBFC5C}"
EndProject
Project("{9A19103F-16F7-4668-BE54-9A1E7A4F7556}") = "AdatumCorporation.Utility.Templates_20241215110911", ".history\working\AdatumCorporation.Utility.Templates_20241215110911.csproj", "{AAE09374-7DB8-4097-BB33-FA8004B11345}"
EndProject
Project("{9A19103F-16F7-4668-BE54-9A1E7A4F7556}") = "AdatumCorporation.Utility.Templates_20241215110914", ".history\working\AdatumCorporation.Utility.Templates_20241215110914.csproj", "{6587C417-F31F-4454-B8EF-9C7016A66239}"
EndProject
Project("{9A19103F-16F7-4668-BE54-9A1E7A4F7556}") = "AdatumCorporation.Utility.Templates_20241215110917", ".history\working\AdatumCorporation.Utility.Templates_20241215110917.csproj", "{B483BCFF-198F-4701-AA97-4FA51A8E090F}"
EndProject
Project("{2150E333-8FDC-42A3-9474-1A3956D46DE8}") = "working", "working", "{50041744-8D3E-4C1D-BB9F-F8DD0D07E440}"
EndProject
Project("{2150E333-8FDC-42A3-9474-1A3956D46DE8}") = "content", "content", "{B3AF1A90-D9CC-485B-9B91-13FECEC76716}"
EndProject
Project("{9A19103F-16F7-4668-BE54-9A1E7A4F7556}") = "everybodycodes", "working\content\everybodycodes\everybodycodes.csproj", "{D9445127-597E-43C9-A806-9F2183EBEE53}"
EndProject
Global
	GlobalSection(SolutionConfigurationPlatforms) = preSolution
		Debug|Any CPU = Debug|Any CPU
		Release|Any CPU = Release|Any CPU
	EndGlobalSection
	GlobalSection(ProjectConfigurationPlatforms) = postSolution
		{9B98C274-8FFA-4BB4-896F-7EA4854BEBA7}.Debug|Any CPU.ActiveCfg = Debug|Any CPU
		{9B98C274-8FFA-4BB4-896F-7EA4854BEBA7}.Debug|Any CPU.Build.0 = Debug|Any CPU
		{9B98C274-8FFA-4BB4-896F-7EA4854BEBA7}.Release|Any CPU.ActiveCfg = Release|Any CPU
		{9B98C274-8FFA-4BB4-896F-7EA4854BEBA7}.Release|Any CPU.Build.0 = Release|Any CPU
		{24F2ADDA-16C4-4645-A3B3-FC63E515DA7C}.Debug|Any CPU.ActiveCfg = Debug|Any CPU
		{24F2ADDA-16C4-4645-A3B3-FC63E515DA7C}.Debug|Any CPU.Build.0 = Debug|Any CPU
		{24F2ADDA-16C4-4645-A3B3-FC63E515DA7C}.Release|Any CPU.ActiveCfg = Release|Any CPU
		{24F2ADDA-16C4-4645-A3B3-FC63E515DA7C}.Release|Any CPU.Build.0 = Release|Any CPU
		{56E283C7-E339-4C32-AEB5-B314FC07F526}.Debug|Any CPU.ActiveCfg = Debug|Any CPU
		{56E283C7-E339-4C32-AEB5-B314FC07F526}.Debug|Any CPU.Build.0 = Debug|Any CPU
		{56E283C7-E339-4C32-AEB5-B314FC07F526}.Release|Any CPU.ActiveCfg = Release|Any CPU
		{56E283C7-E339-4C32-AEB5-B314FC07F526}.Release|Any CPU.Build.0 = Release|Any CPU
		{0F9126E6-BC25-4288-ABBF-F04BDBC9AC0A}.Debug|Any CPU.ActiveCfg = Debug|Any CPU
		{0F9126E6-BC25-4288-ABBF-F04BDBC9AC0A}.Debug|Any CPU.Build.0 = Debug|Any CPU
		{0F9126E6-BC25-4288-ABBF-F04BDBC9AC0A}.Release|Any CPU.ActiveCfg = Release|Any CPU
		{0F9126E6-BC25-4288-ABBF-F04BDBC9AC0A}.Release|Any CPU.Build.0 = Release|Any CPU
		{E1F53161-227D-46B2-8656-9A0B5D9CDF0A}.Debug|Any CPU.ActiveCfg = Debug|Any CPU
		{E1F53161-227D-46B2-8656-9A0B5D9CDF0A}.Debug|Any CPU.Build.0 = Debug|Any CPU
		{E1F53161-227D-46B2-8656-9A0B5D9CDF0A}.Release|Any CPU.ActiveCfg = Release|Any CPU
		{E1F53161-227D-46B2-8656-9A0B5D9CDF0A}.Release|Any CPU.Build.0 = Release|Any CPU
		{A689685E-B96C-4692-A0ED-41EA82135DCE}.Debug|Any CPU.ActiveCfg = Debug|Any CPU
		{A689685E-B96C-4692-A0ED-41EA82135DCE}.Debug|Any CPU.Build.0 = Debug|Any CPU
		{A689685E-B96C-4692-A0ED-41EA82135DCE}.Release|Any CPU.ActiveCfg = Release|Any CPU
		{A689685E-B96C-4692-A0ED-41EA82135DCE}.Release|Any CPU.Build.0 = Release|Any CPU
		{61ABA12A-C7D6-4159-BF00-F7AA7C9DBF5D}.Debug|Any CPU.ActiveCfg = Debug|Any CPU
		{61ABA12A-C7D6-4159-BF00-F7AA7C9DBF5D}.Debug|Any CPU.Build.0 = Debug|Any CPU
		{61ABA12A-C7D6-4159-BF00-F7AA7C9DBF5D}.Release|Any CPU.ActiveCfg = Release|Any CPU
		{61ABA12A-C7D6-4159-BF00-F7AA7C9DBF5D}.Release|Any CPU.Build.0 = Release|Any CPU
		{A6D652D8-0993-499C-87F4-0DF4FC3B8E54}.Debug|Any CPU.ActiveCfg = Debug|Any CPU
		{A6D652D8-0993-499C-87F4-0DF4FC3B8E54}.Debug|Any CPU.Build.0 = Debug|Any CPU
		{A6D652D8-0993-499C-87F4-0DF4FC3B8E54}.Release|Any CPU.ActiveCfg = Release|Any CPU
		{A6D652D8-0993-499C-87F4-0DF4FC3B8E54}.Release|Any CPU.Build.0 = Release|Any CPU
		{01F22983-EC53-4AD3-BBAF-69A73353281E}.Debug|Any CPU.ActiveCfg = Debug|Any CPU
		{01F22983-EC53-4AD3-BBAF-69A73353281E}.Debug|Any CPU.Build.0 = Debug|Any CPU
		{01F22983-EC53-4AD3-BBAF-69A73353281E}.Release|Any CPU.ActiveCfg = Release|Any CPU
		{01F22983-EC53-4AD3-BBAF-69A73353281E}.Release|Any CPU.Build.0 = Release|Any CPU
		{DB93B11A-BB5B-46DD-954E-3387537672A8}.Debug|Any CPU.ActiveCfg = Debug|Any CPU
		{DB93B11A-BB5B-46DD-954E-3387537672A8}.Debug|Any CPU.Build.0 = Debug|Any CPU
		{DB93B11A-BB5B-46DD-954E-3387537672A8}.Release|Any CPU.ActiveCfg = Release|Any CPU
		{DB93B11A-BB5B-46DD-954E-3387537672A8}.Release|Any CPU.Build.0 = Release|Any CPU
		{F7074770-57EA-4027-9969-61E926442721}.Debug|Any CPU.ActiveCfg = Debug|Any CPU
		{F7074770-57EA-4027-9969-61E926442721}.Debug|Any CPU.Build.0 = Debug|Any CPU
		{F7074770-57EA-4027-9969-61E926442721}.Release|Any CPU.ActiveCfg = Release|Any CPU
		{F7074770-57EA-4027-9969-61E926442721}.Release|Any CPU.Build.0 = Release|Any CPU
		{A5765626-F266-424B-885F-70512C64FF7A}.Debug|Any CPU.ActiveCfg = Debug|Any CPU
		{A5765626-F266-424B-885F-70512C64FF7A}.Debug|Any CPU.Build.0 = Debug|Any CPU
		{A5765626-F266-424B-885F-70512C64FF7A}.Release|Any CPU.ActiveCfg = Release|Any CPU
		{A5765626-F266-424B-885F-70512C64FF7A}.Release|Any CPU.Build.0 = Release|Any CPU
		{EE4809F4-60EE-4A87-B5DF-B8B07BDBFC5C}.Debug|Any CPU.ActiveCfg = Debug|Any CPU
		{EE4809F4-60EE-4A87-B5DF-B8B07BDBFC5C}.Debug|Any CPU.Build.0 = Debug|Any CPU
		{EE4809F4-60EE-4A87-B5DF-B8B07BDBFC5C}.Release|Any CPU.ActiveCfg = Release|Any CPU
		{EE4809F4-60EE-4A87-B5DF-B8B07BDBFC5C}.Release|Any CPU.Build.0 = Release|Any CPU
		{AAE09374-7DB8-4097-BB33-FA8004B11345}.Debug|Any CPU.ActiveCfg = Debug|Any CPU
		{AAE09374-7DB8-4097-BB33-FA8004B11345}.Debug|Any CPU.Build.0 = Debug|Any CPU
		{AAE09374-7DB8-4097-BB33-FA8004B11345}.Release|Any CPU.ActiveCfg = Release|Any CPU
		{AAE09374-7DB8-4097-BB33-FA8004B11345}.Release|Any CPU.Build.0 = Release|Any CPU
		{6587C417-F31F-4454-B8EF-9C7016A66239}.Debug|Any CPU.ActiveCfg = Debug|Any CPU
		{6587C417-F31F-4454-B8EF-9C7016A66239}.Debug|Any CPU.Build.0 = Debug|Any CPU
		{6587C417-F31F-4454-B8EF-9C7016A66239}.Release|Any CPU.ActiveCfg = Release|Any CPU
		{6587C417-F31F-4454-B8EF-9C7016A66239}.Release|Any CPU.Build.0 = Release|Any CPU
		{B483BCFF-198F-4701-AA97-4FA51A8E090F}.Debug|Any CPU.ActiveCfg = Debug|Any CPU
		{B483BCFF-198F-4701-AA97-4FA51A8E090F}.Debug|Any CPU.Build.0 = Debug|Any CPU
		{B483BCFF-198F-4701-AA97-4FA51A8E090F}.Release|Any CPU.ActiveCfg = Release|Any CPU
		{B483BCFF-198F-4701-AA97-4FA51A8E090F}.Release|Any CPU.Build.0 = Release|Any CPU
		{D9445127-597E-43C9-A806-9F2183EBEE53}.Debug|Any CPU.ActiveCfg = Debug|Any CPU
		{D9445127-597E-43C9-A806-9F2183EBEE53}.Debug|Any CPU.Build.0 = Debug|Any CPU
		{D9445127-597E-43C9-A806-9F2183EBEE53}.Release|Any CPU.ActiveCfg = Release|Any CPU
		{D9445127-597E-43C9-A806-9F2183EBEE53}.Release|Any CPU.Build.0 = Release|Any CPU
	EndGlobalSection
	GlobalSection(SolutionProperties) = preSolution
		HideSolutionNode = FALSE
	EndGlobalSection
	GlobalSection(NestedProjects) = preSolution
		{56E283C7-E339-4C32-AEB5-B314FC07F526} = {56282CE9-895B-4272-827A-2C5D9092CF88}
		{0F9126E6-BC25-4288-ABBF-F04BDBC9AC0A} = {56282CE9-895B-4272-827A-2C5D9092CF88}
		{E1F53161-227D-46B2-8656-9A0B5D9CDF0A} = {56282CE9-895B-4272-827A-2C5D9092CF88}
		{A689685E-B96C-4692-A0ED-41EA82135DCE} = {56282CE9-895B-4272-827A-2C5D9092CF88}
		{61ABA12A-C7D6-4159-BF00-F7AA7C9DBF5D} = {56282CE9-895B-4272-827A-2C5D9092CF88}
		{A6D652D8-0993-499C-87F4-0DF4FC3B8E54} = {56282CE9-895B-4272-827A-2C5D9092CF88}
		{01F22983-EC53-4AD3-BBAF-69A73353281E} = {56282CE9-895B-4272-827A-2C5D9092CF88}
		{DB93B11A-BB5B-46DD-954E-3387537672A8} = {56282CE9-895B-4272-827A-2C5D9092CF88}
		{F7074770-57EA-4027-9969-61E926442721} = {56282CE9-895B-4272-827A-2C5D9092CF88}
		{A5765626-F266-424B-885F-70512C64FF7A} = {56282CE9-895B-4272-827A-2C5D9092CF88}
		{EE4809F4-60EE-4A87-B5DF-B8B07BDBFC5C} = {56282CE9-895B-4272-827A-2C5D9092CF88}
		{AAE09374-7DB8-4097-BB33-FA8004B11345} = {56282CE9-895B-4272-827A-2C5D9092CF88}
		{6587C417-F31F-4454-B8EF-9C7016A66239} = {56282CE9-895B-4272-827A-2C5D9092CF88}
		{B483BCFF-198F-4701-AA97-4FA51A8E090F} = {56282CE9-895B-4272-827A-2C5D9092CF88}
		{B3AF1A90-D9CC-485B-9B91-13FECEC76716} = {50041744-8D3E-4C1D-BB9F-F8DD0D07E440}
		{D9445127-597E-43C9-A806-9F2183EBEE53} = {B3AF1A90-D9CC-485B-9B91-13FECEC76716}
	EndGlobalSection
	GlobalSection(ExtensibilityGlobals) = postSolution
		SolutionGuid = {0EF7A830-CD40-4DA8-8D96-43EA44AC6ED3}
	EndGlobalSection
EndGlobal
